
Microsoft Visual Studio Solution File, Format Version 12.00
# Visual Studio Version 17
VisualStudioVersion = 17.14.36804.6 d17.14
MinimumVisualStudioVersion = 10.0.40219.1
Project("{FAE04EC0-301F-11D3-BF4B-00C04F79EFBC}") = "PatientAppointmentSystem", "PatientAppointmentSystem.csproj", "{272B6063-5AF4-4194-863F-2955CCB8820E}"
EndProject
Global
	GlobalSection(SolutionConfigurationPlatforms) = preSolution
		Debug|Any CPU = Debug|Any CPU
		Release|Any CPU = Release|Any CPU
	EndGlobalSection
	GlobalSection(ProjectConfigurationPlatforms) = postSolution
		{272B6063-5AF4-4194-863F-2955CCB8820E}.Debug|Any CPU.ActiveCfg = Debug|Any CPU
		{272B6063-5AF4-4194-863F-2955CCB8820E}.Debug|Any CPU.Build.0 = Debug|Any CPU
		{272B6063-5AF4-4194-863F-2955CCB8820E}.Release|Any CPU.ActiveCfg = Release|Any CPU
		{272B6063-5AF4-4194-863F-2955CCB8820E}.Release|Any CPU.Build.0 = Release|Any CPU
	EndGlobalSection
	GlobalSection(SolutionProperties) = preSolution
		HideSolutionNode = FALSE
	EndGlobalSection
	GlobalSection(ExtensibilityGlobals) = postSolution
		SolutionGuid = {71188832-6795-4680-9B27-40A4CC4D00A1}
	EndGlobalSection
EndGlobal
